
Microsoft Visual Studio Solution File, Format Version 12.00
# Visual Studio Version 17
VisualStudioVersion = 17.13.35825.156
MinimumVisualStudioVersion = 10.0.40219.1
Project("{FAE04EC0-301F-11D3-BF4B-00C04F79EFBC}") = "DataExtraction", "DataExtraction\DataExtraction.csproj", "{A38B0C10-B7FD-4CDA-B0B4-1043B682748E}"
EndProject
Project("{FAE04EC0-301F-11D3-BF4B-00C04F79EFBC}") = "ExtractorLib", "..\ExtractorLib\ExtractorLib\ExtractorLib.csproj", "{59C289F8-9128-BA91-7A4D-44BDCCB8DD4B}"
EndProject
Project("{FAE04EC0-301F-11D3-BF4B-00C04F79EFBC}") = "DataExtraction.Tests", "DataExtraction.Tests\DataExtraction.Tests.csproj", "{1029F043-2BEB-44A7-ABF3-65836FD5F1F9}"
EndProject
Global
	GlobalSection(SolutionConfigurationPlatforms) = preSolution
		Debug|Any CPU = Debug|Any CPU
		Release|Any CPU = Release|Any CPU
	EndGlobalSection
	GlobalSection(ProjectConfigurationPlatforms) = postSolution
		{A38B0C10-B7FD-4CDA-B0B4-1043B682748E}.Debug|Any CPU.ActiveCfg = Debug|Any CPU
		{A38B0C10-B7FD-4CDA-B0B4-1043B682748E}.Debug|Any CPU.Build.0 = Debug|Any CPU
		{A38B0C10-B7FD-4CDA-B0B4-1043B682748E}.Release|Any CPU.ActiveCfg = Release|Any CPU
		{A38B0C10-B7FD-4CDA-B0B4-1043B682748E}.Release|Any CPU.Build.0 = Release|Any CPU
		{59C289F8-9128-BA91-7A4D-44BDCCB8DD4B}.Debug|Any CPU.ActiveCfg = Debug|Any CPU
		{59C289F8-9128-BA91-7A4D-44BDCCB8DD4B}.Debug|Any CPU.Build.0 = Debug|Any CPU
		{59C289F8-9128-BA91-7A4D-44BDCCB8DD4B}.Release|Any CPU.ActiveCfg = Release|Any CPU
		{59C289F8-9128-BA91-7A4D-44BDCCB8DD4B}.Release|Any CPU.Build.0 = Release|Any CPU
		{1029F043-2BEB-44A7-ABF3-65836FD5F1F9}.Debug|Any CPU.ActiveCfg = Debug|Any CPU
		{1029F043-2BEB-44A7-ABF3-65836FD5F1F9}.Debug|Any CPU.Build.0 = Debug|Any CPU
		{1029F043-2BEB-44A7-ABF3-65836FD5F1F9}.Release|Any CPU.ActiveCfg = Release|Any CPU
		{1029F043-2BEB-44A7-ABF3-65836FD5F1F9}.Release|Any CPU.Build.0 = Release|Any CPU
	EndGlobalSection
	GlobalSection(SolutionProperties) = preSolution
		HideSolutionNode = FALSE
	EndGlobalSection
	GlobalSection(ExtensibilityGlobals) = postSolution
		SolutionGuid = {CD92C522-D5F4-40AA-82DC-1FE9E5321735}
	EndGlobalSection
EndGlobal
